{
  "name": "agk-ui",
  "version": "0.0.1",
  "lockfileVersion": 1,
  "requires": true,
  "dependencies": {
    "agk-input": {
      "version": "0.0.0",
      "resolved": "https://registry.npmjs.org/agk-input/-/agk-input-0.0.0.tgz",
      "integrity": "sha512-lRU3exF1GocXTC+aKFqjR01viiB21wSEjyY4w0v/qkJnh57Mic67PsY1O8REQUe1J8rm5lzcgdsls7pleQwf+w==",
      "requires": {
        "jquery": "3.3.1"
      }
    },
    "agk-soundobject": {
      "version": "0.0.0",
      "resolved": "https://registry.npmjs.org/agk-soundobject/-/agk-soundobject-0.0.0.tgz",
      "integrity": "sha512-C9WxsqZyaABsPoM82N56LOeSZITjp8TSD4qnVdhDmdeIFO1IEZ0DID9K+fgXdpuAoQIrhkNIi9JzJG/7veaDQg==",
      "requires": {
        "howler": "2.0.9"
      }
    },
    "agk-tts": {
      "version": "0.0.0",
      "resolved": "https://registry.npmjs.org/agk-tts/-/agk-tts-0.0.0.tgz",
      "integrity": "sha512-Gb8SzJO0MCBs09kTLZQ7J1h5Ub2/tQsY5Y77/YM+6Zp7SgZ/ylqzOdIsRU0JuFENKwZOeoXylw9+ZakBP2rLvw=="
    },
    "howler": {
      "version": "2.0.9",
      "resolved": "https://registry.npmjs.org/howler/-/howler-2.0.9.tgz",
      "integrity": "sha512-nBCs3ICTvlgjGYpyl1Xmiz6h9uMo07BRngund64Gm+4yD1MUTV/JAETDR9aPwg29OLh+lnY7M5dLDDlCriKgPw=="
    },
    "jquery": {
      "version": "3.3.1",
      "resolved": "https://registry.npmjs.org/jquery/-/jquery-3.3.1.tgz",
      "integrity": "sha512-Ubldcmxp5np52/ENotGxlLe6aGMvmF4R8S6tZjsP6Knsaxd/xp3Zrh50cG93lR6nPXyUFwzN3ZSOQI0wRJNdGg=="
    }
  }
}
